
Microsoft Visual Studio Solution File, Format Version 12.00
# Visual Studio Version 17
VisualStudioVersion = 17.11.35327.3
MinimumVisualStudioVersion = 10.0.40219.1
Project("{FAE04EC0-301F-11D3-BF4B-00C04F79EFBC}") = "GnsMuhasebe.domain", "GnsMuhasebe.domain\GnsMuhasebe.domain.csproj", "{5BB54E44-614B-4CE6-940B-63B5FBB141C9}"
EndProject
Project("{FAE04EC0-301F-11D3-BF4B-00C04F79EFBC}") = "GnsMuhasebe.Application", "GnsMuhasebe.Application\GnsMuhasebe.Application.csproj", "{B5726E08-09BA-4AC1-86C5-12204520E327}"
EndProject
Project("{FAE04EC0-301F-11D3-BF4B-00C04F79EFBC}") = "GnsMuhasebe.host", "GnsMuhasebe.Host\GnsMuhasebe.host.csproj", "{CCECF16B-2B91-37D5-3BDF-F96599228DE9}"
EndProject
Project("{FAE04EC0-301F-11D3-BF4B-00C04F79EFBC}") = "GnsMuhasebe.Infrastructure", "GnsMuhasebe.Infrastructure\GnsMuhasebe.Infrastructure.csproj", "{EE0D6A6D-833B-0A72-A1F5-6B36B4E19791}"
EndProject
Global
	GlobalSection(SolutionConfigurationPlatforms) = preSolution
		Debug|Any CPU = Debug|Any CPU
		Release|Any CPU = Release|Any CPU
	EndGlobalSection
	GlobalSection(ProjectConfigurationPlatforms) = postSolution
		{5BB54E44-614B-4CE6-940B-63B5FBB141C9}.Debug|Any CPU.ActiveCfg = Debug|Any CPU
		{5BB54E44-614B-4CE6-940B-63B5FBB141C9}.Debug|Any CPU.Build.0 = Debug|Any CPU
		{5BB54E44-614B-4CE6-940B-63B5FBB141C9}.Release|Any CPU.ActiveCfg = Release|Any CPU
		{5BB54E44-614B-4CE6-940B-63B5FBB141C9}.Release|Any CPU.Build.0 = Release|Any CPU
		{B5726E08-09BA-4AC1-86C5-12204520E327}.Debug|Any CPU.ActiveCfg = Debug|Any CPU
		{B5726E08-09BA-4AC1-86C5-12204520E327}.Debug|Any CPU.Build.0 = Debug|Any CPU
		{B5726E08-09BA-4AC1-86C5-12204520E327}.Release|Any CPU.ActiveCfg = Release|Any CPU
		{B5726E08-09BA-4AC1-86C5-12204520E327}.Release|Any CPU.Build.0 = Release|Any CPU
		{CCECF16B-2B91-37D5-3BDF-F96599228DE9}.Debug|Any CPU.ActiveCfg = Debug|Any CPU
		{CCECF16B-2B91-37D5-3BDF-F96599228DE9}.Debug|Any CPU.Build.0 = Debug|Any CPU
		{CCECF16B-2B91-37D5-3BDF-F96599228DE9}.Release|Any CPU.ActiveCfg = Release|Any CPU
		{CCECF16B-2B91-37D5-3BDF-F96599228DE9}.Release|Any CPU.Build.0 = Release|Any CPU
		{EE0D6A6D-833B-0A72-A1F5-6B36B4E19791}.Debug|Any CPU.ActiveCfg = Debug|Any CPU
		{EE0D6A6D-833B-0A72-A1F5-6B36B4E19791}.Debug|Any CPU.Build.0 = Debug|Any CPU
		{EE0D6A6D-833B-0A72-A1F5-6B36B4E19791}.Release|Any CPU.ActiveCfg = Release|Any CPU
		{EE0D6A6D-833B-0A72-A1F5-6B36B4E19791}.Release|Any CPU.Build.0 = Release|Any CPU
	EndGlobalSection
	GlobalSection(SolutionProperties) = preSolution
		HideSolutionNode = FALSE
	EndGlobalSection
	GlobalSection(ExtensibilityGlobals) = postSolution
		SolutionGuid = {49B8BEAC-CBF5-4615-A583-4D5C261EAA09}
	EndGlobalSection
EndGlobal
